// !$*UTF8*$!
{
	archiveVersion = 1;
	classes = {
	};
	objectVersion = 56;
	objects = {

/* Begin PBXBuildFile section */
		FD23959F2B175B0C0078BFCA /* AppDelegate.swift in Sources */ = {isa = PBXBuildFile; fileRef = FD23959E2B175B0C0078BFCA /* AppDelegate.swift */; };
		FD2395A12B175B0C0078BFCA /* SceneDelegate.swift in Sources */ = {isa = PBXBuildFile; fileRef = FD2395A02B175B0C0078BFCA /* SceneDelegate.swift */; };
		FD2395A32B175B0C0078BFCA /* MainViewController.swift in Sources */ = {isa = PBXBuildFile; fileRef = FD2395A22B175B0C0078BFCA /* MainViewController.swift */; };
		FD2395A82B175B0E0078BFCA /* Assets.xcassets in Resources */ = {isa = PBXBuildFile; fileRef = FD2395A72B175B0E0078BFCA /* Assets.xcassets */; };
		FD2395AB2B175B0E0078BFCA /* LaunchScreen.storyboard in Resources */ = {isa = PBXBuildFile; fileRef = FD2395A92B175B0E0078BFCA /* LaunchScreen.storyboard */; };
		FD2395B52B175EC20078BFCA /* GiphyUISDK in Frameworks */ = {isa = PBXBuildFile; productRef = FD2395B42B175EC20078BFCA /* GiphyUISDK */; };
		FD2395BB2B18D6830078BFCA /* MainContentView.swift in Sources */ = {isa = PBXBuildFile; fileRef = FD2395BA2B18D6830078BFCA /* MainContentView.swift */; };
/* End PBXBuildFile section */

/* Begin PBXFileReference section */
		FD23959B2B175B0C0078BFCA /* NikitaVolkodavChiliLabsGiphy.app */ = {isa = PBXFileReference; explicitFileType = wrapper.application; includeInIndex = 0; path = NikitaVolkodavChiliLabsGiphy.app; sourceTree = BUILT_PRODUCTS_DIR; };
		FD23959E2B175B0C0078BFCA /* AppDelegate.swift */ = {isa = PBXFileReference; lastKnownFileType = sourcecode.swift; path = AppDelegate.swift; sourceTree = "<group>"; };
		FD2395A02B175B0C0078BFCA /* SceneDelegate.swift */ = {isa = PBXFileReference; lastKnownFileType = sourcecode.swift; path = SceneDelegate.swift; sourceTree = "<group>"; };
		FD2395A22B175B0C0078BFCA /* MainViewController.swift */ = {isa = PBXFileReference; lastKnownFileType = sourcecode.swift; path = MainViewController.swift; sourceTree = "<group>"; };
		FD2395A72B175B0E0078BFCA /* Assets.xcassets */ = {isa = PBXFileReference; lastKnownFileType = folder.assetcatalog; path = Assets.xcassets; sourceTree = "<group>"; };
		FD2395AA2B175B0E0078BFCA /* Base */ = {isa = PBXFileReference; lastKnownFileType = file.storyboard; name = Base; path = Base.lproj/LaunchScreen.storyboard; sourceTree = "<group>"; };
		FD2395AC2B175B0E0078BFCA /* Info.plist */ = {isa = PBXFileReference; lastKnownFileType = text.plist.xml; path = Info.plist; sourceTree = "<group>"; };
		FD2395BA2B18D6830078BFCA /* MainContentView.swift */ = {isa = PBXFileReference; lastKnownFileType = sourcecode.swift; path = MainContentView.swift; sourceTree = "<group>"; };
/* End PBXFileReference section */

/* Begin PBXFrameworksBuildPhase section */
		FD2395982B175B0C0078BFCA /* Frameworks */ = {
			isa = PBXFrameworksBuildPhase;
			buildActionMask = 2147483647;
			files = (
				FD2395B52B175EC20078BFCA /* GiphyUISDK in Frameworks */,
			);
			runOnlyForDeploymentPostprocessing = 0;
		};
/* End PBXFrameworksBuildPhase section */

/* Begin PBXGroup section */
		FD2395922B175B0C0078BFCA = {
			isa = PBXGroup;
			children = (
				FD23959D2B175B0C0078BFCA /* NikitaVolkodavChiliLabsGiphy */,
				FD23959C2B175B0C0078BFCA /* Products */,
			);
			sourceTree = "<group>";
		};
		FD23959C2B175B0C0078BFCA /* Products */ = {
			isa = PBXGroup;
			children = (
				FD23959B2B175B0C0078BFCA /* NikitaVolkodavChiliLabsGiphy.app */,
			);
			name = Products;
			sourceTree = "<group>";
		};
		FD23959D2B175B0C0078BFCA /* NikitaVolkodavChiliLabsGiphy */ = {
			isa = PBXGroup;
			children = (
				FD2395B62B175F9A0078BFCA /* ViewControllers */,
				FD2395B22B175C2D0078BFCA /* SuportingFiles */,
			);
			path = NikitaVolkodavChiliLabsGiphy;
			sourceTree = "<group>";
		};
		FD2395B22B175C2D0078BFCA /* SuportingFiles */ = {
			isa = PBXGroup;
			children = (
				FD23959E2B175B0C0078BFCA /* AppDelegate.swift */,
				FD2395A02B175B0C0078BFCA /* SceneDelegate.swift */,
				FD2395A72B175B0E0078BFCA /* Assets.xcassets */,
				FD2395A92B175B0E0078BFCA /* LaunchScreen.storyboard */,
				FD2395AC2B175B0E0078BFCA /* Info.plist */,
			);
			path = SuportingFiles;
			sourceTree = "<group>";
		};
		FD2395B62B175F9A0078BFCA /* ViewControllers */ = {
			isa = PBXGroup;
			children = (
				FD2395B92B18D6750078BFCA /* Views */,
				FD2395A22B175B0C0078BFCA /* MainViewController.swift */,
			);
			path = ViewControllers;
			sourceTree = "<group>";
		};
		FD2395B92B18D6750078BFCA /* Views */ = {
			isa = PBXGroup;
			children = (
				FD2395BA2B18D6830078BFCA /* MainContentView.swift */,
			);
			path = Views;
			sourceTree = "<group>";
		};
/* End PBXGroup section */

/* Begin PBXNativeTarget section */
		FD23959A2B175B0C0078BFCA /* NikitaVolkodavChiliLabsGiphy */ = {
			isa = PBXNativeTarget;
			buildConfigurationList = FD2395AF2B175B0E0078BFCA /* Build configuration list for PBXNativeTarget "NikitaVolkodavChiliLabsGiphy" */;
			buildPhases = (
				FD2395972B175B0C0078BFCA /* Sources */,
				FD2395982B175B0C0078BFCA /* Frameworks */,
				FD2395992B175B0C0078BFCA /* Resources */,
			);
			buildRules = (
			);
			dependencies = (
			);
			name = NikitaVolkodavChiliLabsGiphy;
			packageProductDependencies = (
				FD2395B42B175EC20078BFCA /* GiphyUISDK */,
			);
			productName = NikitaVolkodavChiliLabsGiphy;
			productReference = FD23959B2B175B0C0078BFCA /* NikitaVolkodavChiliLabsGiphy.app */;
			productType = "com.apple.product-type.application";
		};
/* End PBXNativeTarget section */

/* Begin PBXProject section */
		FD2395932B175B0C0078BFCA /* Project object */ = {
			isa = PBXProject;
			attributes = {
				BuildIndependentTargetsInParallel = 1;
				LastSwiftUpdateCheck = 1430;
				LastUpgradeCheck = 1430;
				TargetAttributes = {
					FD23959A2B175B0C0078BFCA = {
						CreatedOnToolsVersion = 14.3.1;
					};
				};
			};
			buildConfigurationList = FD2395962B175B0C0078BFCA /* Build configuration list for PBXProject "NikitaVolkodavChiliLabsGiphy" */;
			compatibilityVersion = "Xcode 14.0";
			developmentRegion = en;
			hasScannedForEncodings = 0;
			knownRegions = (
				en,
				Base,
			);
			mainGroup = FD2395922B175B0C0078BFCA;
			packageReferences = (
				FD2395B32B175EC20078BFCA /* XCRemoteSwiftPackageReference "giphy-ios-sdk" */,
			);
			productRefGroup = FD23959C2B175B0C0078BFCA /* Products */;
			projectDirPath = "";
			projectRoot = "";
			targets = (
				FD23959A2B175B0C0078BFCA /* NikitaVolkodavChiliLabsGiphy */,
			);
		};
/* End PBXProject section */

/* Begin PBXResourcesBuildPhase section */
		FD2395992B175B0C0078BFCA /* Resources */ = {
			isa = PBXResourcesBuildPhase;
			buildActionMask = 2147483647;
			files = (
				FD2395AB2B175B0E0078BFCA /* LaunchScreen.storyboard in Resources */,
				FD2395A82B175B0E0078BFCA /* Assets.xcassets in Resources */,
			);
			runOnlyForDeploymentPostprocessing = 0;
		};
/* End PBXResourcesBuildPhase section */

/* Begin PBXSourcesBuildPhase section */
		FD2395972B175B0C0078BFCA /* Sources */ = {
			isa = PBXSourcesBuildPhase;
			buildActionMask = 2147483647;
			files = (
				FD2395BB2B18D6830078BFCA /* MainContentView.swift in Sources */,
				FD2395A32B175B0C0078BFCA /* MainViewController.swift in Sources */,
				FD23959F2B175B0C0078BFCA /* AppDelegate.swift in Sources */,
				FD2395A12B175B0C0078BFCA /* SceneDelegate.swift in Sources */,
			);
			runOnlyForDeploymentPostprocessing = 0;
		};
/* End PBXSourcesBuildPhase section */

/* Begin PBXVariantGroup section */
		FD2395A92B175B0E0078BFCA /* LaunchScreen.storyboard */ = {
			isa = PBXVariantGroup;
			children = (
				FD2395AA2B175B0E0078BFCA /* Base */,
			);
			name = LaunchScreen.storyboard;
			sourceTree = "<group>";
		};
/* End PBXVariantGroup section */

/* Begin XCBuildConfiguration section */
		FD2395AD2B175B0E0078BFCA /* Debug */ = {
			isa = XCBuildConfiguration;
			buildSettings = {
				ALWAYS_SEARCH_USER_PATHS = NO;
				CLANG_ANALYZER_NONNULL = YES;
				CLANG_ANALYZER_NUMBER_OBJECT_CONVERSION = YES_AGGRESSIVE;
				CLANG_CXX_LANGUAGE_STANDARD = "gnu++20";
				CLANG_ENABLE_MODULES = YES;
				CLANG_ENABLE_OBJC_ARC = YES;
				CLANG_ENABLE_OBJC_WEAK = YES;
				CLANG_WARN_BLOCK_CAPTURE_AUTORELEASING = YES;
				CLANG_WARN_BOOL_CONVERSION = YES;
				CLANG_WARN_COMMA = YES;
				CLANG_WARN_CONSTANT_CONVERSION = YES;
				CLANG_WARN_DEPRECATED_OBJC_IMPLEMENTATIONS = YES;
				CLANG_WARN_DIRECT_OBJC_ISA_USAGE = YES_ERROR;
				CLANG_WARN_DOCUMENTATION_COMMENTS = YES;
				CLANG_WARN_EMPTY_BODY = YES;
				CLANG_WARN_ENUM_CONVERSION = YES;
				CLANG_WARN_INFINITE_RECURSION = YES;
				CLANG_WARN_INT_CONVERSION = YES;
				CLANG_WARN_NON_LITERAL_NULL_CONVERSION = YES;
				CLANG_WARN_OBJC_IMPLICIT_RETAIN_SELF = YES;
				CLANG_WARN_OBJC_LITERAL_CONVERSION = YES;
				CLANG_WARN_OBJC_ROOT_CLASS = YES_ERROR;
				CLANG_WARN_QUOTED_INCLUDE_IN_FRAMEWORK_HEADER = YES;
				CLANG_WARN_RANGE_LOOP_ANALYSIS = YES;
				CLANG_WARN_STRICT_PROTOTYPES = YES;
				CLANG_WARN_SUSPICIOUS_MOVE = YES;
				CLANG_WARN_UNGUARDED_AVAILABILITY = YES_AGGRESSIVE;
				CLANG_WARN_UNREACHABLE_CODE = YES;
				CLANG_WARN__DUPLICATE_METHOD_MATCH = YES;
				COPY_PHASE_STRIP = NO;
				DEBUG_INFORMATION_FORMAT = dwarf;
				ENABLE_STRICT_OBJC_MSGSEND = YES;
				ENABLE_TESTABILITY = YES;
				GCC_C_LANGUAGE_STANDARD = gnu11;
				GCC_DYNAMIC_NO_PIC = NO;
				GCC_NO_COMMON_BLOCKS = YES;
				GCC_OPTIMIZATION_LEVEL = 0;
				GCC_PREPROCESSOR_DEFINITIONS = (
					"DEBUG=1",
					"$(inherited)",
				);
				GCC_WARN_64_TO_32_BIT_CONVERSION = YES;
				GCC_WARN_ABOUT_RETURN_TYPE = YES_ERROR;
				GCC_WARN_UNDECLARED_SELECTOR = YES;
				GCC_WARN_UNINITIALIZED_AUTOS = YES_AGGRESSIVE;
				GCC_WARN_UNUSED_FUNCTION = YES;
				GCC_WARN_UNUSED_VARIABLE = YES;
				IPHONEOS_DEPLOYMENT_TARGET = 16.4;
				MTL_ENABLE_DEBUG_INFO = INCLUDE_SOURCE;
				MTL_FAST_MATH = YES;
				ONLY_ACTIVE_ARCH = YES;
				SDKROOT = iphoneos;
				SWIFT_ACTIVE_COMPILATION_CONDITIONS = DEBUG;
				SWIFT_OPTIMIZATION_LEVEL = "-Onone";
			};
			name = Debug;
		};
		FD2395AE2B175B0E0078BFCA /* Release */ = {
			isa = XCBuildConfiguration;
			buildSettings = {
				ALWAYS_SEARCH_USER_PATHS = NO;
				CLANG_ANALYZER_NONNULL = YES;
				CLANG_ANALYZER_NUMBER_OBJECT_CONVERSION = YES_AGGRESSIVE;
				CLANG_CXX_LANGUAGE_STANDARD = "gnu++20";
				CLANG_ENABLE_MODULES = YES;
				CLANG_ENABLE_OBJC_ARC = YES;
				CLANG_ENABLE_OBJC_WEAK = YES;
				CLANG_WARN_BLOCK_CAPTURE_AUTORELEASING = YES;
				CLANG_WARN_BOOL_CONVERSION = YES;
				CLANG_WARN_COMMA = YES;
				CLANG_WARN_CONSTANT_CONVERSION = YES;
				CLANG_WARN_DEPRECATED_OBJC_IMPLEMENTATIONS = YES;
				CLANG_WARN_DIRECT_OBJC_ISA_USAGE = YES_ERROR;
				CLANG_WARN_DOCUMENTATION_COMMENTS = YES;
				CLANG_WARN_EMPTY_BODY = YES;
				CLANG_WARN_ENUM_CONVERSION = YES;
				CLANG_WARN_INFINITE_RECURSION = YES;
				CLANG_WARN_INT_CONVERSION = YES;
				CLANG_WARN_NON_LITERAL_NULL_CONVERSION = YES;
				CLANG_WARN_OBJC_IMPLICIT_RETAIN_SELF = YES;
				CLANG_WARN_OBJC_LITERAL_CONVERSION = YES;
				CLANG_WARN_OBJC_ROOT_CLASS = YES_ERROR;
				CLANG_WARN_QUOTED_INCLUDE_IN_FRAMEWORK_HEADER = YES;
				CLANG_WARN_RANGE_LOOP_ANALYSIS = YES;
				CLANG_WARN_STRICT_PROTOTYPES = YES;
				CLANG_WARN_SUSPICIOUS_MOVE = YES;
				CLANG_WARN_UNGUARDED_AVAILABILITY = YES_AGGRESSIVE;
				CLANG_WARN_UNREACHABLE_CODE = YES;
				CLANG_WARN__DUPLICATE_METHOD_MATCH = YES;
				COPY_PHASE_STRIP = NO;
				DEBUG_INFORMATION_FORMAT = "dwarf-with-dsym";
				ENABLE_NS_ASSERTIONS = NO;
				ENABLE_STRICT_OBJC_MSGSEND = YES;
				GCC_C_LANGUAGE_STANDARD = gnu11;
				GCC_NO_COMMON_BLOCKS = YES;
				GCC_WARN_64_TO_32_BIT_CONVERSION = YES;
				GCC_WARN_ABOUT_RETURN_TYPE = YES_ERROR;
				GCC_WARN_UNDECLARED_SELECTOR = YES;
				GCC_WARN_UNINITIALIZED_AUTOS = YES_AGGRESSIVE;
				GCC_WARN_UNUSED_FUNCTION = YES;
				GCC_WARN_UNUSED_VARIABLE = YES;
				IPHONEOS_DEPLOYMENT_TARGET = 16.4;
				MTL_ENABLE_DEBUG_INFO = NO;
				MTL_FAST_MATH = YES;
				SDKROOT = iphoneos;
				SWIFT_COMPILATION_MODE = wholemodule;
				SWIFT_OPTIMIZATION_LEVEL = "-O";
				VALIDATE_PRODUCT = YES;
			};
			name = Release;
		};
		FD2395B02B175B0E0078BFCA /* Debug */ = {
			isa = XCBuildConfiguration;
			buildSettings = {
				ASSETCATALOG_COMPILER_APPICON_NAME = AppIcon;
				ASSETCATALOG_COMPILER_GLOBAL_ACCENT_COLOR_NAME = AccentColor;
				CODE_SIGN_STYLE = Automatic;
				CURRENT_PROJECT_VERSION = 1;
				DEVELOPMENT_TEAM = 5XHF8YABJ7;
				GENERATE_INFOPLIST_FILE = YES;
				INFOPLIST_FILE = NikitaVolkodavChiliLabsGiphy/SuportingFiles/Info.plist;
				INFOPLIST_KEY_UIApplicationSupportsIndirectInputEvents = YES;
				INFOPLIST_KEY_UILaunchStoryboardName = LaunchScreen;
				INFOPLIST_KEY_UISupportedInterfaceOrientations_iPad = "UIInterfaceOrientationPortrait UIInterfaceOrientationPortraitUpsideDown UIInterfaceOrientationLandscapeLeft UIInterfaceOrientationLandscapeRight";
				INFOPLIST_KEY_UISupportedInterfaceOrientations_iPhone = "UIInterfaceOrientationPortrait UIInterfaceOrientationLandscapeLeft UIInterfaceOrientationLandscapeRight";
				LD_RUNPATH_SEARCH_PATHS = (
					"$(inherited)",
					"@executable_path/Frameworks",
				);
				MARKETING_VERSION = 1.0;
				PRODUCT_BUNDLE_IDENTIFIER = com.ua.NikitaVolkodav.NikitaVolkodavChiliLabsGiphy;
				PRODUCT_NAME = "$(TARGET_NAME)";
				SWIFT_EMIT_LOC_STRINGS = YES;
				SWIFT_VERSION = 5.0;
				TARGETED_DEVICE_FAMILY = "1,2";
			};
			name = Debug;
		};
		FD2395B12B175B0E0078BFCA /* Release */ = {
			isa = XCBuildConfiguration;
			buildSettings = {
				ASSETCATALOG_COMPILER_APPICON_NAME = AppIcon;
				ASSETCATALOG_COMPILER_GLOBAL_ACCENT_COLOR_NAME = AccentColor;
				CODE_SIGN_STYLE = Automatic;
				CURRENT_PROJECT_VERSION = 1;
				DEVELOPMENT_TEAM = 5XHF8YABJ7;
				GENERATE_INFOPLIST_FILE = YES;
				INFOPLIST_FILE = NikitaVolkodavChiliLabsGiphy/SuportingFiles/Info.plist;
				INFOPLIST_KEY_UIApplicationSupportsIndirectInputEvents = YES;
				INFOPLIST_KEY_UILaunchStoryboardName = LaunchScreen;
				INFOPLIST_KEY_UISupportedInterfaceOrientations_iPad = "UIInterfaceOrientationPortrait UIInterfaceOrientationPortraitUpsideDown UIInterfaceOrientationLandscapeLeft UIInterfaceOrientationLandscapeRight";
				INFOPLIST_KEY_UISupportedInterfaceOrientations_iPhone = "UIInterfaceOrientationPortrait UIInterfaceOrientationLandscapeLeft UIInterfaceOrientationLandscapeRight";
				LD_RUNPATH_SEARCH_PATHS = (
					"$(inherited)",
					"@executable_path/Frameworks",
				);
				MARKETING_VERSION = 1.0;
				PRODUCT_BUNDLE_IDENTIFIER = com.ua.NikitaVolkodav.NikitaVolkodavChiliLabsGiphy;
				PRODUCT_NAME = "$(TARGET_NAME)";
				SWIFT_EMIT_LOC_STRINGS = YES;
				SWIFT_VERSION = 5.0;
				TARGETED_DEVICE_FAMILY = "1,2";
			};
			name = Release;
		};
/* End XCBuildConfiguration section */

/* Begin XCConfigurationList section */
		FD2395962B175B0C0078BFCA /* Build configuration list for PBXProject "NikitaVolkodavChiliLabsGiphy" */ = {
			isa = XCConfigurationList;
			buildConfigurations = (
				FD2395AD2B175B0E0078BFCA /* Debug */,
				FD2395AE2B175B0E0078BFCA /* Release */,
			);
			defaultConfigurationIsVisible = 0;
			defaultConfigurationName = Release;
		};
		FD2395AF2B175B0E0078BFCA /* Build configuration list for PBXNativeTarget "NikitaVolkodavChiliLabsGiphy" */ = {
			isa = XCConfigurationList;
			buildConfigurations = (
				FD2395B02B175B0E0078BFCA /* Debug */,
				FD2395B12B175B0E0078BFCA /* Release */,
			);
			defaultConfigurationIsVisible = 0;
			defaultConfigurationName = Release;
		};
/* End XCConfigurationList section */

/* Begin XCRemoteSwiftPackageReference section */
		FD2395B32B175EC20078BFCA /* XCRemoteSwiftPackageReference "giphy-ios-sdk" */ = {
			isa = XCRemoteSwiftPackageReference;
			repositoryURL = "https://github.com/Giphy/giphy-ios-sdk";
			requirement = {
				kind = upToNextMajorVersion;
				minimumVersion = 2.1.3;
			};
		};
/* End XCRemoteSwiftPackageReference section */

/* Begin XCSwiftPackageProductDependency section */
		FD2395B42B175EC20078BFCA /* GiphyUISDK */ = {
			isa = XCSwiftPackageProductDependency;
			package = FD2395B32B175EC20078BFCA /* XCRemoteSwiftPackageReference "giphy-ios-sdk" */;
			productName = GiphyUISDK;
		};
/* End XCSwiftPackageProductDependency section */
	};
	rootObject = FD2395932B175B0C0078BFCA /* Project object */;
}
